// !$*UTF8*$!
{
	archiveVersion = 1;
	classes = {
	};
	objectVersion = 46;
	objects = {

/* Begin PBXBuildFile section */
		FF2ED00B1D4C508200EE2ED7 /* main.m in Sources */ = {isa = PBXBuildFile; fileRef = FF2ED00A1D4C508200EE2ED7 /* main.m */; };
		FF2ED00E1D4C508200EE2ED7 /* AppDelegate.m in Sources */ = {isa = PBXBuildFile; fileRef = FF2ED00D1D4C508200EE2ED7 /* AppDelegate.m */; };
		FF2ED0111D4C508200EE2ED7 /* ViewController.m in Sources */ = {isa = PBXBuildFile; fileRef = FF2ED0101D4C508200EE2ED7 /* ViewController.m */; };
		FF2ED0141D4C508200EE2ED7 /* Main.storyboard in Resources */ = {isa = PBXBuildFile; fileRef = FF2ED0121D4C508200EE2ED7 /* Main.storyboard */; };
		FF2ED0161D4C508200EE2ED7 /* Assets.xcassets in Resources */ = {isa = PBXBuildFile; fileRef = FF2ED0151D4C508200EE2ED7 /* Assets.xcassets */; };
		FF2ED0191D4C508200EE2ED7 /* LaunchScreen.storyboard in Resources */ = {isa = PBXBuildFile; fileRef = FF2ED0171D4C508200EE2ED7 /* LaunchScreen.storyboard */; };
		FF2ED0241D4C508300EE2ED7 /* JsonParse_SimpleTests.m in Sources */ = {isa = PBXBuildFile; fileRef = FF2ED0231D4C508300EE2ED7 /* JsonParse_SimpleTests.m */; };
/* End PBXBuildFile section */

/* Begin PBXContainerItemProxy section */
		FF2ED0201D4C508300EE2ED7 /* PBXContainerItemProxy */ = {
			isa = PBXContainerItemProxy;
			containerPortal = FF2ECFFE1D4C508100EE2ED7 /* Project object */;
			proxyType = 1;
			remoteGlobalIDString = FF2ED0051D4C508200EE2ED7;
			remoteInfo = "JsonParse Simple";
		};
/* End PBXContainerItemProxy section */

/* Begin PBXFileReference section */
		FF2ED0061D4C508200EE2ED7 /* JsonParse Simple.app */ = {isa = PBXFileReference; explicitFileType = wrapper.application; includeInIndex = 0; path = "JsonParse Simple.app"; sourceTree = BUILT_PRODUCTS_DIR; };
		FF2ED00A1D4C508200EE2ED7 /* main.m */ = {isa = PBXFileReference; lastKnownFileType = sourcecode.c.objc; path = main.m; sourceTree = "<group>"; };
		FF2ED00C1D4C508200EE2ED7 /* AppDelegate.h */ = {isa = PBXFileReference; lastKnownFileType = sourcecode.c.h; path = AppDelegate.h; sourceTree = "<group>"; };
		FF2ED00D1D4C508200EE2ED7 /* AppDelegate.m */ = {isa = PBXFileReference; lastKnownFileType = sourcecode.c.objc; path = AppDelegate.m; sourceTree = "<group>"; };
		FF2ED00F1D4C508200EE2ED7 /* ViewController.h */ = {isa = PBXFileReference; lastKnownFileType = sourcecode.c.h; path = ViewController.h; sourceTree = "<group>"; };
		FF2ED0101D4C508200EE2ED7 /* ViewController.m */ = {isa = PBXFileReference; lastKnownFileType = sourcecode.c.objc; path = ViewController.m; sourceTree = "<group>"; };
		FF2ED0131D4C508200EE2ED7 /* Base */ = {isa = PBXFileReference; lastKnownFileType = file.storyboard; name = Base; path = Base.lproj/Main.storyboard; sourceTree = "<group>"; };
		FF2ED0151D4C508200EE2ED7 /* Assets.xcassets */ = {isa = PBXFileReference; lastKnownFileType = folder.assetcatalog; path = Assets.xcassets; sourceTree = "<group>"; };
		FF2ED0181D4C508200EE2ED7 /* Base */ = {isa = PBXFileReference; lastKnownFileType = file.storyboard; name = Base; path = Base.lproj/LaunchScreen.storyboard; sourceTree = "<group>"; };
		FF2ED01A1D4C508200EE2ED7 /* Info.plist */ = {isa = PBXFileReference; lastKnownFileType = text.plist.xml; path = Info.plist; sourceTree = "<group>"; };
		FF2ED01F1D4C508300EE2ED7 /* JsonParse SimpleTests.xctest */ = {isa = PBXFileReference; explicitFileType = wrapper.cfbundle; includeInIndex = 0; path = "JsonParse SimpleTests.xctest"; sourceTree = BUILT_PRODUCTS_DIR; };
		FF2ED0231D4C508300EE2ED7 /* JsonParse_SimpleTests.m */ = {isa = PBXFileReference; lastKnownFileType = sourcecode.c.objc; path = JsonParse_SimpleTests.m; sourceTree = "<group>"; };
		FF2ED0251D4C508300EE2ED7 /* Info.plist */ = {isa = PBXFileReference; lastKnownFileType = text.plist.xml; path = Info.plist; sourceTree = "<group>"; };
/* End PBXFileReference section */

/* Begin PBXFrameworksBuildPhase section */
		FF2ED0031D4C508200EE2ED7 /* Frameworks */ = {
			isa = PBXFrameworksBuildPhase;
			buildActionMask = 2147483647;
			files = (
			);
			runOnlyForDeploymentPostprocessing = 0;
		};
		FF2ED01C1D4C508300EE2ED7 /* Frameworks */ = {
			isa = PBXFrameworksBuildPhase;
			buildActionMask = 2147483647;
			files = (
			);
			runOnlyForDeploymentPostprocessing = 0;
		};
/* End PBXFrameworksBuildPhase section */

/* Begin PBXGroup section */
		FF2ECFFD1D4C508100EE2ED7 = {
			isa = PBXGroup;
			children = (
				FF2ED0081D4C508200EE2ED7 /* JsonParse Simple */,
				FF2ED0221D4C508300EE2ED7 /* JsonParse SimpleTests */,
				FF2ED0071D4C508200EE2ED7 /* Products */,
			);
			sourceTree = "<group>";
		};
		FF2ED0071D4C508200EE2ED7 /* Products */ = {
			isa = PBXGroup;
			children = (
				FF2ED0061D4C508200EE2ED7 /* JsonParse Simple.app */,
				FF2ED01F1D4C508300EE2ED7 /* JsonParse SimpleTests.xctest */,
			);
			name = Products;
			sourceTree = "<group>";
		};
		FF2ED0081D4C508200EE2ED7 /* JsonParse Simple */ = {
			isa = PBXGroup;
			children = (
				FF2ED00C1D4C508200EE2ED7 /* AppDelegate.h */,
				FF2ED00D1D4C508200EE2ED7 /* AppDelegate.m */,
				FF2ED00F1D4C508200EE2ED7 /* ViewController.h */,
				FF2ED0101D4C508200EE2ED7 /* ViewController.m */,
				FF2ED0121D4C508200EE2ED7 /* Main.storyboard */,
				FF2ED0151D4C508200EE2ED7 /* Assets.xcassets */,
				FF2ED0171D4C508200EE2ED7 /* LaunchScreen.storyboard */,
				FF2ED01A1D4C508200EE2ED7 /* Info.plist */,
				FF2ED0091D4C508200EE2ED7 /* Supporting Files */,
			);
			path = "JsonParse Simple";
			sourceTree = "<group>";
		};
		FF2ED0091D4C508200EE2ED7 /* Supporting Files */ = {
			isa = PBXGroup;
			children = (
				FF2ED00A1D4C508200EE2ED7 /* main.m */,
			);
			name = "Supporting Files";
			sourceTree = "<group>";
		};
		FF2ED0221D4C508300EE2ED7 /* JsonParse SimpleTests */ = {
			isa = PBXGroup;
			children = (
				FF2ED0231D4C508300EE2ED7 /* JsonParse_SimpleTests.m */,
				FF2ED0251D4C508300EE2ED7 /* Info.plist */,
			);
			path = "JsonParse SimpleTests";
			sourceTree = "<group>";
		};
/* End PBXGroup section */

/* Begin PBXNativeTarget section */
		FF2ED0051D4C508200EE2ED7 /* JsonParse Simple */ = {
			isa = PBXNativeTarget;
			buildConfigurationList = FF2ED0281D4C508300EE2ED7 /* Build configuration list for PBXNativeTarget "JsonParse Simple" */;
			buildPhases = (
				FF2ED0021D4C508200EE2ED7 /* Sources */,
				FF2ED0031D4C508200EE2ED7 /* Frameworks */,
				FF2ED0041D4C508200EE2ED7 /* Resources */,
			);
			buildRules = (
			);
			dependencies = (
			);
			name = "JsonParse Simple";
			productName = "JsonParse Simple";
			productReference = FF2ED0061D4C508200EE2ED7 /* JsonParse Simple.app */;
			productType = "com.apple.product-type.application";
		};
		FF2ED01E1D4C508300EE2ED7 /* JsonParse SimpleTests */ = {
			isa = PBXNativeTarget;
			buildConfigurationList = FF2ED02B1D4C508300EE2ED7 /* Build configuration list for PBXNativeTarget "JsonParse SimpleTests" */;
			buildPhases = (
				FF2ED01B1D4C508300EE2ED7 /* Sources */,
				FF2ED01C1D4C508300EE2ED7 /* Frameworks */,
				FF2ED01D1D4C508300EE2ED7 /* Resources */,
			);
			buildRules = (
			);
			dependencies = (
				FF2ED0211D4C508300EE2ED7 /* PBXTargetDependency */,
			);
			name = "JsonParse SimpleTests";
			productName = "JsonParse SimpleTests";
			productReference = FF2ED01F1D4C508300EE2ED7 /* JsonParse SimpleTests.xctest */;
			productType = "com.apple.product-type.bundle.unit-test";
		};
/* End PBXNativeTarget section */

/* Begin PBXProject section */
		FF2ECFFE1D4C508100EE2ED7 /* Project object */ = {
			isa = PBXProject;
			attributes = {
				LastUpgradeCheck = 0700;
				ORGANIZATIONNAME = "Bhavik Panchal";
				TargetAttributes = {
					FF2ED0051D4C508200EE2ED7 = {
						CreatedOnToolsVersion = 7.0;
					};
					FF2ED01E1D4C508300EE2ED7 = {
						CreatedOnToolsVersion = 7.0;
						TestTargetID = FF2ED0051D4C508200EE2ED7;
					};
				};
			};
			buildConfigurationList = FF2ED0011D4C508100EE2ED7 /* Build configuration list for PBXProject "JsonParse Simple" */;
			compatibilityVersion = "Xcode 3.2";
			developmentRegion = English;
			hasScannedForEncodings = 0;
			knownRegions = (
				en,
				Base,
			);
			mainGroup = FF2ECFFD1D4C508100EE2ED7;
			productRefGroup = FF2ED0071D4C508200EE2ED7 /* Products */;
			projectDirPath = "";
			projectRoot = "";
			targets = (
				FF2ED0051D4C508200EE2ED7 /* JsonParse Simple */,
				FF2ED01E1D4C508300EE2ED7 /* JsonParse SimpleTests */,
			);
		};
/* End PBXProject section */

/* Begin PBXResourcesBuildPhase section */
		FF2ED0041D4C508200EE2ED7 /* Resources */ = {
			isa = PBXResourcesBuildPhase;
			buildActionMask = 2147483647;
			files = (
				FF2ED0191D4C508200EE2ED7 /* LaunchScreen.storyboard in Resources */,
				FF2ED0161D4C508200EE2ED7 /* Assets.xcassets in Resources */,
				FF2ED0141D4C508200EE2ED7 /* Main.storyboard in Resources */,
			);
			runOnlyForDeploymentPostprocessing = 0;
		};
		FF2ED01D1D4C508300EE2ED7 /* Resources */ = {
			isa = PBXResourcesBuildPhase;
			buildActionMask = 2147483647;
			files = (
			);
			runOnlyForDeploymentPostprocessing = 0;
		};
/* End PBXResourcesBuildPhase section */

/* Begin PBXSourcesBuildPhase section */
		FF2ED0021D4C508200EE2ED7 /* Sources */ = {
			isa = PBXSourcesBuildPhase;
			buildActionMask = 2147483647;
			files = (
				FF2ED0111D4C508200EE2ED7 /* ViewController.m in Sources */,
				FF2ED00E1D4C508200EE2ED7 /* AppDelegate.m in Sources */,
				FF2ED00B1D4C508200EE2ED7 /* main.m in Sources */,
			);
			runOnlyForDeploymentPostprocessing = 0;
		};
		FF2ED01B1D4C508300EE2ED7 /* Sources */ = {
			isa = PBXSourcesBuildPhase;
			buildActionMask = 2147483647;
			files = (
				FF2ED0241D4C508300EE2ED7 /* JsonParse_SimpleTests.m in Sources */,
			);
			runOnlyForDeploymentPostprocessing = 0;
		};
/* End PBXSourcesBuildPhase section */

/* Begin PBXTargetDependency section */
		FF2ED0211D4C508300EE2ED7 /* PBXTargetDependency */ = {
			isa = PBXTargetDependency;
			target = FF2ED0051D4C508200EE2ED7 /* JsonParse Simple */;
			targetProxy = FF2ED0201D4C508300EE2ED7 /* PBXContainerItemProxy */;
		};
/* End PBXTargetDependency section */

/* Begin PBXVariantGroup section */
		FF2ED0121D4C508200EE2ED7 /* Main.storyboard */ = {
			isa = PBXVariantGroup;
			children = (
				FF2ED0131D4C508200EE2ED7 /* Base */,
			);
			name = Main.storyboard;
			sourceTree = "<group>";
		};
		FF2ED0171D4C508200EE2ED7 /* LaunchScreen.storyboard */ = {
			isa = PBXVariantGroup;
			children = (
				FF2ED0181D4C508200EE2ED7 /* Base */,
			);
			name = LaunchScreen.storyboard;
			sourceTree = "<group>";
		};
/* End PBXVariantGroup section */

/* Begin XCBuildConfiguration section */
		FF2ED0261D4C508300EE2ED7 /* Debug */ = {
			isa = XCBuildConfiguration;
			buildSettings = {
				ALWAYS_SEARCH_USER_PATHS = NO;
				CLANG_CXX_LANGUAGE_STANDARD = "gnu++0x";
				CLANG_CXX_LIBRARY = "libc++";
				CLANG_ENABLE_MODULES = YES;
				CLANG_ENABLE_OBJC_ARC = YES;
				CLANG_WARN_BOOL_CONVERSION = YES;
				CLANG_WARN_CONSTANT_CONVERSION = YES;
				CLANG_WARN_DIRECT_OBJC_ISA_USAGE = YES_ERROR;
				CLANG_WARN_EMPTY_BODY = YES;
				CLANG_WARN_ENUM_CONVERSION = YES;
				CLANG_WARN_INT_CONVERSION = YES;
				CLANG_WARN_OBJC_ROOT_CLASS = YES_ERROR;
				CLANG_WARN_UNREACHABLE_CODE = YES;
				CLANG_WARN__DUPLICATE_METHOD_MATCH = YES;
				"CODE_SIGN_IDENTITY[sdk=iphoneos*]" = "iPhone Developer";
				COPY_PHASE_STRIP = NO;
				DEBUG_INFORMATION_FORMAT = dwarf;
				ENABLE_STRICT_OBJC_MSGSEND = YES;
				ENABLE_TESTABILITY = YES;
				GCC_C_LANGUAGE_STANDARD = gnu99;
				GCC_DYNAMIC_NO_PIC = NO;
				GCC_NO_COMMON_BLOCKS = YES;
				GCC_OPTIMIZATION_LEVEL = 0;
				GCC_PREPROCESSOR_DEFINITIONS = (
					"DEBUG=1",
					"$(inherited)",
				);
				GCC_WARN_64_TO_32_BIT_CONVERSION = YES;
				GCC_WARN_ABOUT_RETURN_TYPE = YES_ERROR;
				GCC_WARN_UNDECLARED_SELECTOR = YES;
				GCC_WARN_UNINITIALIZED_AUTOS = YES_AGGRESSIVE;
				GCC_WARN_UNUSED_FUNCTION = YES;
				GCC_WARN_UNUSED_VARIABLE = YES;
				IPHONEOS_DEPLOYMENT_TARGET = 9.0;
				MTL_ENABLE_DEBUG_INFO = YES;
				ONLY_ACTIVE_ARCH = YES;
				SDKROOT = iphoneos;
				TARGETED_DEVICE_FAMILY = "1,2";
			};
			name = Debug;
		};
		FF2ED0271D4C508300EE2ED7 /* Release */ = {
			isa = XCBuildConfiguration;
			buildSettings = {
				ALWAYS_SEARCH_USER_PATHS = NO;
				CLANG_CXX_LANGUAGE_STANDARD = "gnu++0x";
				CLANG_CXX_LIBRARY = "libc++";
				CLANG_ENABLE_MODULES = YES;
				CLANG_ENABLE_OBJC_ARC = YES;
				CLANG_WARN_BOOL_CONVERSION = YES;
				CLANG_WARN_CONSTANT_CONVERSION = YES;
				CLANG_WARN_DIRECT_OBJC_ISA_USAGE = YES_ERROR;
				CLANG_WARN_EMPTY_BODY = YES;
				CLANG_WARN_ENUM_CONVERSION = YES;
				CLANG_WARN_INT_CONVERSION = YES;
				CLANG_WARN_OBJC_ROOT_CLASS = YES_ERROR;
				CLANG_WARN_UNREACHABLE_CODE = YES;
				CLANG_WARN__DUPLICATE_METHOD_MATCH = YES;
				"CODE_SIGN_IDENTITY[sdk=iphoneos*]" = "iPhone Developer";
				COPY_PHASE_STRIP = NO;
				DEBUG_INFORMATION_FORMAT = "dwarf-with-dsym";
				ENABLE_NS_ASSERTIONS = NO;
				ENABLE_STRICT_OBJC_MSGSEND = YES;
				GCC_C_LANGUAGE_STANDARD = gnu99;
				GCC_NO_COMMON_BLOCKS = YES;
				GCC_WARN_64_TO_32_BIT_CONVERSION = YES;
				GCC_WARN_ABOUT_RETURN_TYPE = YES_ERROR;
				GCC_WARN_UNDECLARED_SELECTOR = YES;
				GCC_WARN_UNINITIALIZED_AUTOS = YES_AGGRESSIVE;
				GCC_WARN_UNUSED_FUNCTION = YES;
				GCC_WARN_UNUSED_VARIABLE = YES;
				IPHONEOS_DEPLOYMENT_TARGET = 9.0;
				MTL_ENABLE_DEBUG_INFO = NO;
				SDKROOT = iphoneos;
				TARGETED_DEVICE_FAMILY = "1,2";
				VALIDATE_PRODUCT = YES;
			};
			name = Release;
		};
		FF2ED0291D4C508300EE2ED7 /* Debug */ = {
			isa = XCBuildConfiguration;
			buildSettings = {
				ASSETCATALOG_COMPILER_APPICON_NAME = AppIcon;
				INFOPLIST_FILE = "JsonParse Simple/Info.plist";
				LD_RUNPATH_SEARCH_PATHS = "$(inherited) @executable_path/Frameworks";
				PRODUCT_BUNDLE_IDENTIFIER = "panchal.JsonParse-Simple";
				PRODUCT_NAME = "$(TARGET_NAME)";
			};
			name = Debug;
		};
		FF2ED02A1D4C508300EE2ED7 /* Release */ = {
			isa = XCBuildConfiguration;
			buildSettings = {
				ASSETCATALOG_COMPILER_APPICON_NAME = AppIcon;
				INFOPLIST_FILE = "JsonParse Simple/Info.plist";
				LD_RUNPATH_SEARCH_PATHS = "$(inherited) @executable_path/Frameworks";
				PRODUCT_BUNDLE_IDENTIFIER = "panchal.JsonParse-Simple";
				PRODUCT_NAME = "$(TARGET_NAME)";
			};
			name = Release;
		};
		FF2ED02C1D4C508300EE2ED7 /* Debug */ = {
			isa = XCBuildConfiguration;
			buildSettings = {
				BUNDLE_LOADER = "$(TEST_HOST)";
				INFOPLIST_FILE = "JsonParse SimpleTests/Info.plist";
				LD_RUNPATH_SEARCH_PATHS = "$(inherited) @executable_path/Frameworks @loader_path/Frameworks";
				PRODUCT_BUNDLE_IDENTIFIER = "panchal.JsonParse-SimpleTests";
				PRODUCT_NAME = "$(TARGET_NAME)";
				TEST_HOST = "$(BUILT_PRODUCTS_DIR)/JsonParse Simple.app/JsonParse Simple";
			};
			name = Debug;
		};
		FF2ED02D1D4C508300EE2ED7 /* Release */ = {
			isa = XCBuildConfiguration;
			buildSettings = {
				BUNDLE_LOADER = "$(TEST_HOST)";
				INFOPLIST_FILE = "JsonParse SimpleTests/Info.plist";
				LD_RUNPATH_SEARCH_PATHS = "$(inherited) @executable_path/Frameworks @loader_path/Frameworks";
				PRODUCT_BUNDLE_IDENTIFIER = "panchal.JsonParse-SimpleTests";
				PRODUCT_NAME = "$(TARGET_NAME)";
				TEST_HOST = "$(BUILT_PRODUCTS_DIR)/JsonParse Simple.app/JsonParse Simple";
			};
			name = Release;
		};
/* End XCBuildConfiguration section */

/* Begin XCConfigurationList section */
		FF2ED0011D4C508100EE2ED7 /* Build configuration list for PBXProject "JsonParse Simple" */ = {
			isa = XCConfigurationList;
			buildConfigurations = (
				FF2ED0261D4C508300EE2ED7 /* Debug */,
				FF2ED0271D4C508300EE2ED7 /* Release */,
			);
			defaultConfigurationIsVisible = 0;
			defaultConfigurationName = Release;
		};
		FF2ED0281D4C508300EE2ED7 /* Build configuration list for PBXNativeTarget "JsonParse Simple" */ = {
			isa = XCConfigurationList;
			buildConfigurations = (
				FF2ED0291D4C508300EE2ED7 /* Debug */,
				FF2ED02A1D4C508300EE2ED7 /* Release */,
			);
			defaultConfigurationIsVisible = 0;
		};
		FF2ED02B1D4C508300EE2ED7 /* Build configuration list for PBXNativeTarget "JsonParse SimpleTests" */ = {
			isa = XCConfigurationList;
			buildConfigurations = (
				FF2ED02C1D4C508300EE2ED7 /* Debug */,
				FF2ED02D1D4C508300EE2ED7 /* Release */,
			);
			defaultConfigurationIsVisible = 0;
		};
/* End XCConfigurationList section */
	};
	rootObject = FF2ECFFE1D4C508100EE2ED7 /* Project object */;
}
